
Microsoft Visual Studio Solution File, Format Version 12.00
# Visual Studio Version 17
VisualStudioVersion = 17.3.32929.385
MinimumVisualStudioVersion = 10.0.40219.1
Project("{9A19103F-16F7-4668-BE54-9A1E7A4F7556}") = "CursoCase", "CursoCase\CursoCase.csproj", "{62F161B8-4192-478A-8629-4D6E993F0583}"
EndProject
Project("{FAE04EC0-301F-11D3-BF4B-00C04F79EFBC}") = "Models", "Models\Models.csproj", "{060B40E9-E68B-40B9-BA1D-83440D6BB645}"
EndProject
Project("{FAE04EC0-301F-11D3-BF4B-00C04F79EFBC}") = "CursoCaseApi", "CursoCaseApi\CursoCaseApi.csproj", "{5CE6AA2B-AD84-4A39-9701-0A0B6700E907}"
EndProject
Global
	GlobalSection(SolutionConfigurationPlatforms) = preSolution
		Debug|Any CPU = Debug|Any CPU
		Release|Any CPU = Release|Any CPU
	EndGlobalSection
	GlobalSection(ProjectConfigurationPlatforms) = postSolution
		{62F161B8-4192-478A-8629-4D6E993F0583}.Debug|Any CPU.ActiveCfg = Debug|Any CPU
		{62F161B8-4192-478A-8629-4D6E993F0583}.Debug|Any CPU.Build.0 = Debug|Any CPU
		{62F161B8-4192-478A-8629-4D6E993F0583}.Release|Any CPU.ActiveCfg = Release|Any CPU
		{62F161B8-4192-478A-8629-4D6E993F0583}.Release|Any CPU.Build.0 = Release|Any CPU
		{060B40E9-E68B-40B9-BA1D-83440D6BB645}.Debug|Any CPU.ActiveCfg = Debug|Any CPU
		{060B40E9-E68B-40B9-BA1D-83440D6BB645}.Debug|Any CPU.Build.0 = Debug|Any CPU
		{060B40E9-E68B-40B9-BA1D-83440D6BB645}.Release|Any CPU.ActiveCfg = Release|Any CPU
		{060B40E9-E68B-40B9-BA1D-83440D6BB645}.Release|Any CPU.Build.0 = Release|Any CPU
		{5CE6AA2B-AD84-4A39-9701-0A0B6700E907}.Debug|Any CPU.ActiveCfg = Debug|Any CPU
		{5CE6AA2B-AD84-4A39-9701-0A0B6700E907}.Debug|Any CPU.Build.0 = Debug|Any CPU
		{5CE6AA2B-AD84-4A39-9701-0A0B6700E907}.Release|Any CPU.ActiveCfg = Release|Any CPU
		{5CE6AA2B-AD84-4A39-9701-0A0B6700E907}.Release|Any CPU.Build.0 = Release|Any CPU
	EndGlobalSection
	GlobalSection(SolutionProperties) = preSolution
		HideSolutionNode = FALSE
	EndGlobalSection
	GlobalSection(ExtensibilityGlobals) = postSolution
		SolutionGuid = {D690F427-854D-4557-9229-D742D7449E7D}
	EndGlobalSection
EndGlobal
